
Microsoft Visual Studio Solution File, Format Version 12.00
# Visual Studio Version 17
VisualStudioVersion = 17.3.32819.101
MinimumVisualStudioVersion = 10.0.40219.1
Project("{FAE04EC0-301F-11D3-BF4B-00C04F79EFBC}") = "Fibonacci", "Fibonacci\Fibonacci.csproj", "{92CD1885-BDFB-4310-8417-42CE1641DCB6}"
EndProject
Global
	GlobalSection(SolutionConfigurationPlatforms) = preSolution
		Debug|Any CPU = Debug|Any CPU
		Release|Any CPU = Release|Any CPU
	EndGlobalSection
	GlobalSection(ProjectConfigurationPlatforms) = postSolution
		{92CD1885-BDFB-4310-8417-42CE1641DCB6}.Debug|Any CPU.ActiveCfg = Debug|Any CPU
		{92CD1885-BDFB-4310-8417-42CE1641DCB6}.Debug|Any CPU.Build.0 = Debug|Any CPU
		{92CD1885-BDFB-4310-8417-42CE1641DCB6}.Release|Any CPU.ActiveCfg = Release|Any CPU
		{92CD1885-BDFB-4310-8417-42CE1641DCB6}.Release|Any CPU.Build.0 = Release|Any CPU
	EndGlobalSection
	GlobalSection(SolutionProperties) = preSolution
		HideSolutionNode = FALSE
	EndGlobalSection
	GlobalSection(ExtensibilityGlobals) = postSolution
		SolutionGuid = {B2DF1BC1-516E-48C3-BCA3-1A4F5ACA9293}
	EndGlobalSection
EndGlobal
