
Microsoft Visual Studio Solution File, Format Version 12.00
# Visual Studio Version 17
VisualStudioVersion = 17.3.32819.101
MinimumVisualStudioVersion = 10.0.40219.1
Project("{FAE04EC0-301F-11D3-BF4B-00C04F79EFBC}") = "ControlFlowTutorial", "ControlFlowTutorial\ControlFlowTutorial.csproj", "{994173DE-7757-4005-92E8-16EEAF0E820C}"
EndProject
Global
	GlobalSection(SolutionConfigurationPlatforms) = preSolution
		Debug|Any CPU = Debug|Any CPU
		Release|Any CPU = Release|Any CPU
	EndGlobalSection
	GlobalSection(ProjectConfigurationPlatforms) = postSolution
		{994173DE-7757-4005-92E8-16EEAF0E820C}.Debug|Any CPU.ActiveCfg = Debug|Any CPU
		{994173DE-7757-4005-92E8-16EEAF0E820C}.Debug|Any CPU.Build.0 = Debug|Any CPU
		{994173DE-7757-4005-92E8-16EEAF0E820C}.Release|Any CPU.ActiveCfg = Release|Any CPU
		{994173DE-7757-4005-92E8-16EEAF0E820C}.Release|Any CPU.Build.0 = Release|Any CPU
	EndGlobalSection
	GlobalSection(SolutionProperties) = preSolution
		HideSolutionNode = FALSE
	EndGlobalSection
	GlobalSection(ExtensibilityGlobals) = postSolution
		SolutionGuid = {12C63E79-31DA-4AB2-850D-F029D7B6F848}
	EndGlobalSection
EndGlobal
