
Microsoft Visual Studio Solution File, Format Version 12.00
# Visual Studio Version 17
VisualStudioVersion = 17.3.32819.101
MinimumVisualStudioVersion = 10.0.40219.1
Project("{FAE04EC0-301F-11D3-BF4B-00C04F79EFBC}") = "TaskAsync", "TaskAsync\TaskAsync.csproj", "{753FE0BA-C12B-4F57-91DB-73C2EA268FBE}"
EndProject
Global
	GlobalSection(SolutionConfigurationPlatforms) = preSolution
		Debug|Any CPU = Debug|Any CPU
		Release|Any CPU = Release|Any CPU
	EndGlobalSection
	GlobalSection(ProjectConfigurationPlatforms) = postSolution
		{753FE0BA-C12B-4F57-91DB-73C2EA268FBE}.Debug|Any CPU.ActiveCfg = Debug|Any CPU
		{753FE0BA-C12B-4F57-91DB-73C2EA268FBE}.Debug|Any CPU.Build.0 = Debug|Any CPU
		{753FE0BA-C12B-4F57-91DB-73C2EA268FBE}.Release|Any CPU.ActiveCfg = Release|Any CPU
		{753FE0BA-C12B-4F57-91DB-73C2EA268FBE}.Release|Any CPU.Build.0 = Release|Any CPU
	EndGlobalSection
	GlobalSection(SolutionProperties) = preSolution
		HideSolutionNode = FALSE
	EndGlobalSection
	GlobalSection(ExtensibilityGlobals) = postSolution
		SolutionGuid = {52EE58F6-4524-487A-ACBE-806E52A24756}
	EndGlobalSection
EndGlobal
