
Microsoft Visual Studio Solution File, Format Version 12.00
# Visual Studio Version 17
VisualStudioVersion = 17.3.32819.101
MinimumVisualStudioVersion = 10.0.40219.1
Project("{FAE04EC0-301F-11D3-BF4B-00C04F79EFBC}") = "CapStone", "CapStone\CapStone.csproj", "{F298286F-84AE-4992-9F85-7005B1151640}"
EndProject
Global
	GlobalSection(SolutionConfigurationPlatforms) = preSolution
		Debug|Any CPU = Debug|Any CPU
		Release|Any CPU = Release|Any CPU
	EndGlobalSection
	GlobalSection(ProjectConfigurationPlatforms) = postSolution
		{F298286F-84AE-4992-9F85-7005B1151640}.Debug|Any CPU.ActiveCfg = Debug|Any CPU
		{F298286F-84AE-4992-9F85-7005B1151640}.Debug|Any CPU.Build.0 = Debug|Any CPU
		{F298286F-84AE-4992-9F85-7005B1151640}.Release|Any CPU.ActiveCfg = Release|Any CPU
		{F298286F-84AE-4992-9F85-7005B1151640}.Release|Any CPU.Build.0 = Release|Any CPU
	EndGlobalSection
	GlobalSection(SolutionProperties) = preSolution
		HideSolutionNode = FALSE
	EndGlobalSection
	GlobalSection(ExtensibilityGlobals) = postSolution
		SolutionGuid = {B95095C3-E0BE-444E-A509-CB5882E977E4}
	EndGlobalSection
EndGlobal
