
Microsoft Visual Studio Solution File, Format Version 12.00
# Visual Studio Version 17
VisualStudioVersion = 17.3.32819.101
MinimumVisualStudioVersion = 10.0.40219.1
Project("{FAE04EC0-301F-11D3-BF4B-00C04F79EFBC}") = "WebAPItutorial", "WebAPItutorial\WebAPItutorial.csproj", "{DE4D1270-F3CB-40B5-B21A-060832057200}"
EndProject
Global
	GlobalSection(SolutionConfigurationPlatforms) = preSolution
		Debug|Any CPU = Debug|Any CPU
		Release|Any CPU = Release|Any CPU
	EndGlobalSection
	GlobalSection(ProjectConfigurationPlatforms) = postSolution
		{DE4D1270-F3CB-40B5-B21A-060832057200}.Debug|Any CPU.ActiveCfg = Debug|Any CPU
		{DE4D1270-F3CB-40B5-B21A-060832057200}.Debug|Any CPU.Build.0 = Debug|Any CPU
		{DE4D1270-F3CB-40B5-B21A-060832057200}.Release|Any CPU.ActiveCfg = Release|Any CPU
		{DE4D1270-F3CB-40B5-B21A-060832057200}.Release|Any CPU.Build.0 = Release|Any CPU
	EndGlobalSection
	GlobalSection(SolutionProperties) = preSolution
		HideSolutionNode = FALSE
	EndGlobalSection
	GlobalSection(ExtensibilityGlobals) = postSolution
		SolutionGuid = {5A378FE7-153E-47F3-B038-E61B9E9111F3}
	EndGlobalSection
EndGlobal
