
Microsoft Visual Studio Solution File, Format Version 12.00
# Visual Studio Version 17
VisualStudioVersion = 17.3.32819.101
MinimumVisualStudioVersion = 10.0.40219.1
Project("{FAE04EC0-301F-11D3-BF4B-00C04F79EFBC}") = "Interface", "Interface\Interface.csproj", "{40241249-B62A-4CAF-A66D-656FC6936B81}"
EndProject
Global
	GlobalSection(SolutionConfigurationPlatforms) = preSolution
		Debug|Any CPU = Debug|Any CPU
		Release|Any CPU = Release|Any CPU
	EndGlobalSection
	GlobalSection(ProjectConfigurationPlatforms) = postSolution
		{40241249-B62A-4CAF-A66D-656FC6936B81}.Debug|Any CPU.ActiveCfg = Debug|Any CPU
		{40241249-B62A-4CAF-A66D-656FC6936B81}.Debug|Any CPU.Build.0 = Debug|Any CPU
		{40241249-B62A-4CAF-A66D-656FC6936B81}.Release|Any CPU.ActiveCfg = Release|Any CPU
		{40241249-B62A-4CAF-A66D-656FC6936B81}.Release|Any CPU.Build.0 = Release|Any CPU
	EndGlobalSection
	GlobalSection(SolutionProperties) = preSolution
		HideSolutionNode = FALSE
	EndGlobalSection
	GlobalSection(ExtensibilityGlobals) = postSolution
		SolutionGuid = {38AA433B-49DC-4B7F-B2EF-AC43843822E6}
	EndGlobalSection
EndGlobal
