
Microsoft Visual Studio Solution File, Format Version 12.00
# Visual Studio Version 17
VisualStudioVersion = 17.3.32819.101
MinimumVisualStudioVersion = 10.0.40219.1
Project("{FAE04EC0-301F-11D3-BF4B-00C04F79EFBC}") = "consoleAppWithoutTopLevelStatements", "consoleAppWithoutTopLevelStatements\consoleAppWithoutTopLevelStatements.csproj", "{7D880672-79F3-4EA9-8043-6412D473424C}"
EndProject
Global
	GlobalSection(SolutionConfigurationPlatforms) = preSolution
		Debug|Any CPU = Debug|Any CPU
		Release|Any CPU = Release|Any CPU
	EndGlobalSection
	GlobalSection(ProjectConfigurationPlatforms) = postSolution
		{7D880672-79F3-4EA9-8043-6412D473424C}.Debug|Any CPU.ActiveCfg = Debug|Any CPU
		{7D880672-79F3-4EA9-8043-6412D473424C}.Debug|Any CPU.Build.0 = Debug|Any CPU
		{7D880672-79F3-4EA9-8043-6412D473424C}.Release|Any CPU.ActiveCfg = Release|Any CPU
		{7D880672-79F3-4EA9-8043-6412D473424C}.Release|Any CPU.Build.0 = Release|Any CPU
	EndGlobalSection
	GlobalSection(SolutionProperties) = preSolution
		HideSolutionNode = FALSE
	EndGlobalSection
	GlobalSection(ExtensibilityGlobals) = postSolution
		SolutionGuid = {48D8DB3F-2717-4FCC-BF40-A58524CEA1CF}
	EndGlobalSection
EndGlobal
