
Microsoft Visual Studio Solution File, Format Version 12.00
# Visual Studio Version 17
VisualStudioVersion = 17.3.32819.101
MinimumVisualStudioVersion = 10.0.40219.1
Project("{FAE04EC0-301F-11D3-BF4B-00C04F79EFBC}") = "LinqEfCore", "LinqEfCore\LinqEfCore.csproj", "{B92BC4B7-D137-43AF-9DC6-26101AFD3218}"
EndProject
Global
	GlobalSection(SolutionConfigurationPlatforms) = preSolution
		Debug|Any CPU = Debug|Any CPU
		Release|Any CPU = Release|Any CPU
	EndGlobalSection
	GlobalSection(ProjectConfigurationPlatforms) = postSolution
		{B92BC4B7-D137-43AF-9DC6-26101AFD3218}.Debug|Any CPU.ActiveCfg = Debug|Any CPU
		{B92BC4B7-D137-43AF-9DC6-26101AFD3218}.Debug|Any CPU.Build.0 = Debug|Any CPU
		{B92BC4B7-D137-43AF-9DC6-26101AFD3218}.Release|Any CPU.ActiveCfg = Release|Any CPU
		{B92BC4B7-D137-43AF-9DC6-26101AFD3218}.Release|Any CPU.Build.0 = Release|Any CPU
	EndGlobalSection
	GlobalSection(SolutionProperties) = preSolution
		HideSolutionNode = FALSE
	EndGlobalSection
	GlobalSection(ExtensibilityGlobals) = postSolution
		SolutionGuid = {E6D4FBCA-2276-4164-AEA4-74C13D5E3B7D}
	EndGlobalSection
EndGlobal
