
Microsoft Visual Studio Solution File, Format Version 12.00
# Visual Studio Version 17
VisualStudioVersion = 17.3.32819.101
MinimumVisualStudioVersion = 10.0.40219.1
Project("{FAE04EC0-301F-11D3-BF4B-00C04F79EFBC}") = "Banking", "Banking\Banking.csproj", "{6859CC4C-52C9-4739-93D0-2CB2F4234A0E}"
EndProject
Global
	GlobalSection(SolutionConfigurationPlatforms) = preSolution
		Debug|Any CPU = Debug|Any CPU
		Release|Any CPU = Release|Any CPU
	EndGlobalSection
	GlobalSection(ProjectConfigurationPlatforms) = postSolution
		{6859CC4C-52C9-4739-93D0-2CB2F4234A0E}.Debug|Any CPU.ActiveCfg = Debug|Any CPU
		{6859CC4C-52C9-4739-93D0-2CB2F4234A0E}.Debug|Any CPU.Build.0 = Debug|Any CPU
		{6859CC4C-52C9-4739-93D0-2CB2F4234A0E}.Release|Any CPU.ActiveCfg = Release|Any CPU
		{6859CC4C-52C9-4739-93D0-2CB2F4234A0E}.Release|Any CPU.Build.0 = Release|Any CPU
	EndGlobalSection
	GlobalSection(SolutionProperties) = preSolution
		HideSolutionNode = FALSE
	EndGlobalSection
	GlobalSection(ExtensibilityGlobals) = postSolution
		SolutionGuid = {CFB7AC98-CC7E-45C7-BE90-DB7A7B0BB7E6}
	EndGlobalSection
EndGlobal
